
Microsoft Visual Studio Solution File, Format Version 12.00
# Visual Studio 15
VisualStudioVersion = 15.0.26124.0
MinimumVisualStudioVersion = 15.0.26124.0
Project("{2150E333-8FDC-42A3-9474-1A3956D46DE8}") = "src", "src", "{500748F2-EFA4-4590-949E-ED14174F8D57}"
EndProject
Project("{2150E333-8FDC-42A3-9474-1A3956D46DE8}") = "test", "test", "{429E0DEE-0755-4EE1-BA54-2553BE4A07F3}"
EndProject
Project("{FAE04EC0-301F-11D3-BF4B-00C04F79EFBC}") = "EntityFrameworkCore.Encryption", "src\EntityFrameworkCore.Encryption\EntityFrameworkCore.Encryption.csproj", "{3CFE0737-493E-4C50-A755-CE097C188EF9}"
EndProject
Project("{FAE04EC0-301F-11D3-BF4B-00C04F79EFBC}") = "EntityFrameworkCore.Encryption.Tests", "test\EntityFrameworkCore.Encryption.Tests\EntityFrameworkCore.Encryption.Tests.csproj", "{A8069360-E561-43CA-A6E6-12068D9E7A52}"
EndProject
Project("{FAE04EC0-301F-11D3-BF4B-00C04F79EFBC}") = "EntityFrameworkCore.Encryption.KeyGenerator", "src\EntityFrameworkCore.Encryption.KeyGenerator\EntityFrameworkCore.Encryption.KeyGenerator.csproj", "{2D36E924-7CAA-4E57-AEC0-3DFC1E91ABDB}"
EndProject
Project("{FAE04EC0-301F-11D3-BF4B-00C04F79EFBC}") = "EntityFrameworkCore.Encryption.TestProject", "src\EntityFrameworkCore.Encryption.TestProject\EntityFrameworkCore.Encryption.TestProject.csproj", "{F6BB3416-F16A-4AEC-8547-40A7C6179455}"
EndProject
Global
	GlobalSection(SolutionConfigurationPlatforms) = preSolution
		Debug|Any CPU = Debug|Any CPU
		Debug|x64 = Debug|x64
		Debug|x86 = Debug|x86
		Release|Any CPU = Release|Any CPU
		Release|x64 = Release|x64
		Release|x86 = Release|x86
	EndGlobalSection
	GlobalSection(SolutionProperties) = preSolution
		HideSolutionNode = FALSE
	EndGlobalSection
	GlobalSection(NestedProjects) = preSolution
		{3CFE0737-493E-4C50-A755-CE097C188EF9} = {500748F2-EFA4-4590-949E-ED14174F8D57}
		{A8069360-E561-43CA-A6E6-12068D9E7A52} = {429E0DEE-0755-4EE1-BA54-2553BE4A07F3}
		{2D36E924-7CAA-4E57-AEC0-3DFC1E91ABDB} = {500748F2-EFA4-4590-949E-ED14174F8D57}
		{F6BB3416-F16A-4AEC-8547-40A7C6179455} = {500748F2-EFA4-4590-949E-ED14174F8D57}
	EndGlobalSection
	GlobalSection(ProjectConfigurationPlatforms) = postSolution
		{3CFE0737-493E-4C50-A755-CE097C188EF9}.Debug|Any CPU.ActiveCfg = Debug|Any CPU
		{3CFE0737-493E-4C50-A755-CE097C188EF9}.Debug|Any CPU.Build.0 = Debug|Any CPU
		{3CFE0737-493E-4C50-A755-CE097C188EF9}.Debug|x64.ActiveCfg = Debug|Any CPU
		{3CFE0737-493E-4C50-A755-CE097C188EF9}.Debug|x64.Build.0 = Debug|Any CPU
		{3CFE0737-493E-4C50-A755-CE097C188EF9}.Debug|x86.ActiveCfg = Debug|Any CPU
		{3CFE0737-493E-4C50-A755-CE097C188EF9}.Debug|x86.Build.0 = Debug|Any CPU
		{3CFE0737-493E-4C50-A755-CE097C188EF9}.Release|Any CPU.ActiveCfg = Release|Any CPU
		{3CFE0737-493E-4C50-A755-CE097C188EF9}.Release|Any CPU.Build.0 = Release|Any CPU
		{3CFE0737-493E-4C50-A755-CE097C188EF9}.Release|x64.ActiveCfg = Release|Any CPU
		{3CFE0737-493E-4C50-A755-CE097C188EF9}.Release|x64.Build.0 = Release|Any CPU
		{3CFE0737-493E-4C50-A755-CE097C188EF9}.Release|x86.ActiveCfg = Release|Any CPU
		{3CFE0737-493E-4C50-A755-CE097C188EF9}.Release|x86.Build.0 = Release|Any CPU
		{A8069360-E561-43CA-A6E6-12068D9E7A52}.Debug|Any CPU.ActiveCfg = Debug|Any CPU
		{A8069360-E561-43CA-A6E6-12068D9E7A52}.Debug|Any CPU.Build.0 = Debug|Any CPU
		{A8069360-E561-43CA-A6E6-12068D9E7A52}.Debug|x64.ActiveCfg = Debug|Any CPU
		{A8069360-E561-43CA-A6E6-12068D9E7A52}.Debug|x64.Build.0 = Debug|Any CPU
		{A8069360-E561-43CA-A6E6-12068D9E7A52}.Debug|x86.ActiveCfg = Debug|Any CPU
		{A8069360-E561-43CA-A6E6-12068D9E7A52}.Debug|x86.Build.0 = Debug|Any CPU
		{A8069360-E561-43CA-A6E6-12068D9E7A52}.Release|Any CPU.ActiveCfg = Release|Any CPU
		{A8069360-E561-43CA-A6E6-12068D9E7A52}.Release|Any CPU.Build.0 = Release|Any CPU
		{A8069360-E561-43CA-A6E6-12068D9E7A52}.Release|x64.ActiveCfg = Release|Any CPU
		{A8069360-E561-43CA-A6E6-12068D9E7A52}.Release|x64.Build.0 = Release|Any CPU
		{A8069360-E561-43CA-A6E6-12068D9E7A52}.Release|x86.ActiveCfg = Release|Any CPU
		{A8069360-E561-43CA-A6E6-12068D9E7A52}.Release|x86.Build.0 = Release|Any CPU
		{2D36E924-7CAA-4E57-AEC0-3DFC1E91ABDB}.Debug|Any CPU.ActiveCfg = Debug|Any CPU
		{2D36E924-7CAA-4E57-AEC0-3DFC1E91ABDB}.Debug|Any CPU.Build.0 = Debug|Any CPU
		{2D36E924-7CAA-4E57-AEC0-3DFC1E91ABDB}.Debug|x64.ActiveCfg = Debug|Any CPU
		{2D36E924-7CAA-4E57-AEC0-3DFC1E91ABDB}.Debug|x64.Build.0 = Debug|Any CPU
		{2D36E924-7CAA-4E57-AEC0-3DFC1E91ABDB}.Debug|x86.ActiveCfg = Debug|Any CPU
		{2D36E924-7CAA-4E57-AEC0-3DFC1E91ABDB}.Debug|x86.Build.0 = Debug|Any CPU
		{2D36E924-7CAA-4E57-AEC0-3DFC1E91ABDB}.Release|Any CPU.ActiveCfg = Release|Any CPU
		{2D36E924-7CAA-4E57-AEC0-3DFC1E91ABDB}.Release|Any CPU.Build.0 = Release|Any CPU
		{2D36E924-7CAA-4E57-AEC0-3DFC1E91ABDB}.Release|x64.ActiveCfg = Release|Any CPU
		{2D36E924-7CAA-4E57-AEC0-3DFC1E91ABDB}.Release|x64.Build.0 = Release|Any CPU
		{2D36E924-7CAA-4E57-AEC0-3DFC1E91ABDB}.Release|x86.ActiveCfg = Release|Any CPU
		{2D36E924-7CAA-4E57-AEC0-3DFC1E91ABDB}.Release|x86.Build.0 = Release|Any CPU
		{F6BB3416-F16A-4AEC-8547-40A7C6179455}.Debug|Any CPU.ActiveCfg = Debug|Any CPU
		{F6BB3416-F16A-4AEC-8547-40A7C6179455}.Debug|Any CPU.Build.0 = Debug|Any CPU
		{F6BB3416-F16A-4AEC-8547-40A7C6179455}.Debug|x64.ActiveCfg = Debug|Any CPU
		{F6BB3416-F16A-4AEC-8547-40A7C6179455}.Debug|x64.Build.0 = Debug|Any CPU
		{F6BB3416-F16A-4AEC-8547-40A7C6179455}.Debug|x86.ActiveCfg = Debug|Any CPU
		{F6BB3416-F16A-4AEC-8547-40A7C6179455}.Debug|x86.Build.0 = Debug|Any CPU
		{F6BB3416-F16A-4AEC-8547-40A7C6179455}.Release|Any CPU.ActiveCfg = Release|Any CPU
		{F6BB3416-F16A-4AEC-8547-40A7C6179455}.Release|Any CPU.Build.0 = Release|Any CPU
		{F6BB3416-F16A-4AEC-8547-40A7C6179455}.Release|x64.ActiveCfg = Release|Any CPU
		{F6BB3416-F16A-4AEC-8547-40A7C6179455}.Release|x64.Build.0 = Release|Any CPU
		{F6BB3416-F16A-4AEC-8547-40A7C6179455}.Release|x86.ActiveCfg = Release|Any CPU
		{F6BB3416-F16A-4AEC-8547-40A7C6179455}.Release|x86.Build.0 = Release|Any CPU
	EndGlobalSection
EndGlobal
